
Microsoft Visual Studio Solution File, Format Version 12.00
# Visual Studio Version 16
VisualStudioVersion = 16.0.30804.86
MinimumVisualStudioVersion = 10.0.40219.1
Project("{FAE04EC0-301F-11D3-BF4B-00C04F79EFBC}") = "ATM Code Along", "ATM Code Along\ATM Code Along.csproj", "{091715CF-CEDD-4923-B6EB-28E2CA899971}"
EndProject
Global
	GlobalSection(SolutionConfigurationPlatforms) = preSolution
		Debug|Any CPU = Debug|Any CPU
		Release|Any CPU = Release|Any CPU
	EndGlobalSection
	GlobalSection(ProjectConfigurationPlatforms) = postSolution
		{091715CF-CEDD-4923-B6EB-28E2CA899971}.Debug|Any CPU.ActiveCfg = Debug|Any CPU
		{091715CF-CEDD-4923-B6EB-28E2CA899971}.Debug|Any CPU.Build.0 = Debug|Any CPU
		{091715CF-CEDD-4923-B6EB-28E2CA899971}.Release|Any CPU.ActiveCfg = Release|Any CPU
		{091715CF-CEDD-4923-B6EB-28E2CA899971}.Release|Any CPU.Build.0 = Release|Any CPU
	EndGlobalSection
	GlobalSection(SolutionProperties) = preSolution
		HideSolutionNode = FALSE
	EndGlobalSection
	GlobalSection(ExtensibilityGlobals) = postSolution
		SolutionGuid = {2F0307BF-B4C1-4F4C-BFE4-5CA66670AD5D}
	EndGlobalSection
EndGlobal
